
Microsoft Visual Studio Solution File, Format Version 12.00
# Visual Studio Version 16
VisualStudioVersion = 16.0.810.21
MinimumVisualStudioVersion = 10.0.40219.1
Project("{FAE04EC0-301F-11D3-BF4B-00C04F79EFBC}") = "webApi", "webApi\webApi.csproj", "{300530D8-C2B1-40DA-B854-AE3220B3EEF6}"
EndProject
Project("{FAE04EC0-301F-11D3-BF4B-00C04F79EFBC}") = "Repositorio", "Repositorio\Repositorio.csproj", "{11178DD5-3F07-4493-BDF1-F82CAA1DD570}"
EndProject
Project("{FAE04EC0-301F-11D3-BF4B-00C04F79EFBC}") = "Entidad", "Entidad\Entidad.csproj", "{DEB9D146-2E4E-4DCB-AF0D-60E3CCAA2459}"
EndProject
Global
	GlobalSection(SolutionConfigurationPlatforms) = preSolution
		Debug|Any CPU = Debug|Any CPU
		Release|Any CPU = Release|Any CPU
	EndGlobalSection
	GlobalSection(ProjectConfigurationPlatforms) = postSolution
		{300530D8-C2B1-40DA-B854-AE3220B3EEF6}.Debug|Any CPU.ActiveCfg = Debug|Any CPU
		{300530D8-C2B1-40DA-B854-AE3220B3EEF6}.Debug|Any CPU.Build.0 = Debug|Any CPU
		{300530D8-C2B1-40DA-B854-AE3220B3EEF6}.Release|Any CPU.ActiveCfg = Release|Any CPU
		{300530D8-C2B1-40DA-B854-AE3220B3EEF6}.Release|Any CPU.Build.0 = Release|Any CPU
		{11178DD5-3F07-4493-BDF1-F82CAA1DD570}.Debug|Any CPU.ActiveCfg = Debug|Any CPU
		{11178DD5-3F07-4493-BDF1-F82CAA1DD570}.Debug|Any CPU.Build.0 = Debug|Any CPU
		{11178DD5-3F07-4493-BDF1-F82CAA1DD570}.Release|Any CPU.ActiveCfg = Release|Any CPU
		{11178DD5-3F07-4493-BDF1-F82CAA1DD570}.Release|Any CPU.Build.0 = Release|Any CPU
		{DEB9D146-2E4E-4DCB-AF0D-60E3CCAA2459}.Debug|Any CPU.ActiveCfg = Debug|Any CPU
		{DEB9D146-2E4E-4DCB-AF0D-60E3CCAA2459}.Debug|Any CPU.Build.0 = Debug|Any CPU
		{DEB9D146-2E4E-4DCB-AF0D-60E3CCAA2459}.Release|Any CPU.ActiveCfg = Release|Any CPU
		{DEB9D146-2E4E-4DCB-AF0D-60E3CCAA2459}.Release|Any CPU.Build.0 = Release|Any CPU
	EndGlobalSection
	GlobalSection(SolutionProperties) = preSolution
		HideSolutionNode = FALSE
	EndGlobalSection
	GlobalSection(ExtensibilityGlobals) = postSolution
		SolutionGuid = {8C9F2930-4855-4E64-9672-81E72F19F743}
	EndGlobalSection
EndGlobal
